github.com/starkers/yaml v0.0.0-20201003213625-63f3856906e9 h1:0Snm7Ap0U0uB7R6GEaS6jb7z0AbaaLmLIqfFKcYRaNo=
github.com/starkers/yaml v0.0.0-20201003213625-63f3856906e9/go.mod h1:K4uyk7z7BCEPqu6E+C64Yfv1cQ7kz7rIZviUmN+EgEM=
gopkg.in/check.v1 v0.0.0-20161208181325-20d25e280405/go.mod h1:Co6ibVJAznAaIkqp8huTwlJQCZ016jof/cbN4VW5Yz0=
